<?xml version="1.0" encoding="UTF-8"?>
<Scheme
   LastUpgradeVersion = "0450"
   version = "1.3">
   <BuildAction
      parallelizeBuildables = "YES"
      buildImplicitDependencies = "YES">
      <BuildActionEntries>
         <BuildActionEntry
            buildForTesting = "YES"
            buildForRunning = "YES"
            buildForProfiling = "YES"
            buildForArchiving = "YES"
            buildForAnalyzing = "YES">
            <BuildableReference
               BuildableIdentifier = "primary"
               BlueprintIdentifier = "8464C10D14683D7F00BDA7EB"
               BuildableName = "aBeeDa"
               BlueprintName = "aBeeDa"
               ReferencedContainer = "container:abeeda.xcodeproj">
            </BuildableReference>
         </BuildActionEntry>
      </BuildActionEntries>
   </BuildAction>
   <TestAction
      selectedDebuggerIdentifier = "Xcode.DebuggerFoundation.Debugger.LLDB"
      selectedLauncherIdentifier = "Xcode.DebuggerFoundation.Launcher.GDB"
      shouldUseLaunchSchemeArgsEnv = "YES"
      buildConfiguration = "Release">
      <Testables>
      </Testables>
   </TestAction>
   <LaunchAction
      selectedDebuggerIdentifier = "Xcode.DebuggerFoundation.Debugger.LLDB"
      selectedLauncherIdentifier = "Xcode.DebuggerFoundation.Launcher.LLDB"
      launchStyle = "0"
      useCustomWorkingDirectory = "YES"
      customWorkingDirectory = "/Users/olsonran/Documents/experiments/eos-evolved-retina/work"
      buildConfiguration = "Release"
      ignoresPersistentStateOnLaunch = "NO"
      debugDocumentVersioning = "YES"
      allowLocationSimulation = "YES">
      <BuildableProductRunnable>
         <BuildableReference
            BuildableIdentifier = "primary"
            BlueprintIdentifier = "8464C10D14683D7F00BDA7EB"
            BuildableName = "aBeeDa"
            BlueprintName = "aBeeDa"
            ReferencedContainer = "container:abeeda.xcodeproj">
         </BuildableReference>
      </BuildableProductRunnable>
      <CommandLineArguments>
         <CommandLineArgument
            argument = "-d /Users/olsonran/Desktop/Dropbox/Private/notebooks/coevolution-of-swarming/swarm-sd30-probdeath/ /Users/olsonran/Desktop/Dropbox/Private/notebooks/coevolution-of-swarming/swarm-sd30-probdeath/ -sd 30"
            isEnabled = "NO">
         </CommandLineArgument>
         <CommandLineArgument
            argument = "-dd /Users/olsonran/Desktop/Dropbox/Private/notebooks/coevolution-of-swarming/swarm-sd30-jeschke-confusion-Es0.05-Emax0.9-Emin0.2-pvr50/ -sd 30 -es 0.05 -emax 0.9 -emin 0.2 -pvr 50"
            isEnabled = "NO">
         </CommandLineArgument>
         <CommandLineArgument
            argument = "-e lod.csv swarm.genome predator.genome -g 1250 -sd 30 -cm 1 -v 50"
            isEnabled = "YES">
         </CommandLineArgument>
         <CommandLineArgument
            argument = "-dfp startPredator.genome startPredator.dot"
            isEnabled = "NO">
         </CommandLineArgument>
      </CommandLineArguments>
      <AdditionalOptions>
      </AdditionalOptions>
   </LaunchAction>
   <ProfileAction
      shouldUseLaunchSchemeArgsEnv = "YES"
      savedToolIdentifier = ""
      useCustomWorkingDirectory = "YES"
      customWorkingDirectory = "/Users/olsonran/Documents/experiments/eos/work"
      buildConfiguration = "Debug"
      debugDocumentVersioning = "YES">
      <BuildableProductRunnable>
         <BuildableReference
            BuildableIdentifier = "primary"
            BlueprintIdentifier = "8464C10D14683D7F00BDA7EB"
            BuildableName = "aBeeDa"
            BlueprintName = "aBeeDa"
            ReferencedContainer = "container:abeeda.xcodeproj">
         </BuildableReference>
      </BuildableProductRunnable>
   </ProfileAction>
   <AnalyzeAction
      buildConfiguration = "Release">
   </AnalyzeAction>
   <ArchiveAction
      buildConfiguration = "Release"
      revealArchiveInOrganizer = "YES">
   </ArchiveAction>
</Scheme>
